
Microsoft Visual Studio Solution File, Format Version 12.00
# Visual Studio Version 17
VisualStudioVersion = 17.14.36429.23
MinimumVisualStudioVersion = 10.0.40219.1
Project("{FAE04EC0-301F-11D3-BF4B-00C04F79EFBC}") = "CFGS_VM", "CFGS_NE\CFGS_VM.csproj", "{7974B5F7-34D7-473F-93D7-83F7D48C2CCB}"
EndProject
Project("{FAE04EC0-301F-11D3-BF4B-00C04F79EFBC}") = "stdlib", "stdlib\stdlib.csproj", "{C3ABEEB3-7D7B-482A-8C01-C94CCA6FD69B}"
EndProject
Global
	GlobalSection(SolutionConfigurationPlatforms) = preSolution
		Debug|Any CPU = Debug|Any CPU
		Release|Any CPU = Release|Any CPU
	EndGlobalSection
	GlobalSection(ProjectConfigurationPlatforms) = postSolution
		{7974B5F7-34D7-473F-93D7-83F7D48C2CCB}.Debug|Any CPU.ActiveCfg = Debug|Any CPU
		{7974B5F7-34D7-473F-93D7-83F7D48C2CCB}.Debug|Any CPU.Build.0 = Debug|Any CPU
		{7974B5F7-34D7-473F-93D7-83F7D48C2CCB}.Release|Any CPU.ActiveCfg = Release|Any CPU
		{7974B5F7-34D7-473F-93D7-83F7D48C2CCB}.Release|Any CPU.Build.0 = Release|Any CPU
		{C3ABEEB3-7D7B-482A-8C01-C94CCA6FD69B}.Debug|Any CPU.ActiveCfg = Debug|Any CPU
		{C3ABEEB3-7D7B-482A-8C01-C94CCA6FD69B}.Debug|Any CPU.Build.0 = Debug|Any CPU
		{C3ABEEB3-7D7B-482A-8C01-C94CCA6FD69B}.Release|Any CPU.ActiveCfg = Release|Any CPU
		{C3ABEEB3-7D7B-482A-8C01-C94CCA6FD69B}.Release|Any CPU.Build.0 = Release|Any CPU
	EndGlobalSection
	GlobalSection(SolutionProperties) = preSolution
		HideSolutionNode = FALSE
	EndGlobalSection
	GlobalSection(ExtensibilityGlobals) = postSolution
		SolutionGuid = {B3961AB9-F740-4315-AA65-3C97E03A159E}
	EndGlobalSection
EndGlobal
