
Microsoft Visual Studio Solution File, Format Version 12.00
# Visual Studio Version 17
VisualStudioVersion = 17.14.36429.23
MinimumVisualStudioVersion = 10.0.40219.1
Project("{FAE04EC0-301F-11D3-BF4B-00C04F79EFBC}") = "CFGS_VM", "CFGS_NE\CFGS_VM.csproj", "{7974B5F7-34D7-473F-93D7-83F7D48C2CCB}"
EndProject
Project("{FAE04EC0-301F-11D3-BF4B-00C04F79EFBC}") = "CFGS.Microsoft.SQL", "CFGS.Microsoft.SQL\CFGS.Microsoft.SQL.csproj", "{9B399AD5-056C-43C7-91BE-0BF22E99FAD5}"
EndProject
Project("{FAE04EC0-301F-11D3-BF4B-00C04F79EFBC}") = "CFGS.StandardLibrary", "CFGS.StandardLibrary\CFGS.StandardLibrary.csproj", "{A9B82A64-DDF8-47D9-8A8D-FA4A32FFB72B}"
EndProject
Project("{FAE04EC0-301F-11D3-BF4B-00C04F79EFBC}") = "CFGS.Web.Http", "CFGS.Web.Http\CFGS.Web.Http.csproj", "{45B7C9EF-06B8-4864-BAC6-8D20BFC98B22}"
EndProject
Project("{FAE04EC0-301F-11D3-BF4B-00C04F79EFBC}") = "CFGS.Security.Crypto", "CFGS.Security.Crypto\CFGS.Security.Crypto.csproj", "{2A4FB31E-C640-4D6A-B660-35A85F77BAA0}"
EndProject
Project("{FAE04EC0-301F-11D3-BF4B-00C04F79EFBC}") = "CFGS.Lsp", "CFGS.Lsp\CFGS.Lsp.csproj", "{DEED5486-DC44-4385-95D2-2F5EEC00DD90}"
EndProject
Project("{2150E333-8FDC-42A3-9474-1A3956D46DE8}") = "CFGS_NE", "CFGS_NE", "{49D3381E-D598-4B83-DF46-5F0793DC5CEF}"
EndProject
Global
	GlobalSection(SolutionConfigurationPlatforms) = preSolution
		Debug|Any CPU = Debug|Any CPU
		Debug|x64 = Debug|x64
		Debug|x86 = Debug|x86
		Release|Any CPU = Release|Any CPU
		Release|x64 = Release|x64
		Release|x86 = Release|x86
	EndGlobalSection
	GlobalSection(ProjectConfigurationPlatforms) = postSolution
		{7974B5F7-34D7-473F-93D7-83F7D48C2CCB}.Debug|Any CPU.ActiveCfg = Debug|Any CPU
		{7974B5F7-34D7-473F-93D7-83F7D48C2CCB}.Debug|Any CPU.Build.0 = Debug|Any CPU
		{7974B5F7-34D7-473F-93D7-83F7D48C2CCB}.Debug|x64.ActiveCfg = Debug|Any CPU
		{7974B5F7-34D7-473F-93D7-83F7D48C2CCB}.Debug|x64.Build.0 = Debug|Any CPU
		{7974B5F7-34D7-473F-93D7-83F7D48C2CCB}.Debug|x86.ActiveCfg = Debug|Any CPU
		{7974B5F7-34D7-473F-93D7-83F7D48C2CCB}.Debug|x86.Build.0 = Debug|Any CPU
		{7974B5F7-34D7-473F-93D7-83F7D48C2CCB}.Release|Any CPU.ActiveCfg = Release|Any CPU
		{7974B5F7-34D7-473F-93D7-83F7D48C2CCB}.Release|Any CPU.Build.0 = Release|Any CPU
		{7974B5F7-34D7-473F-93D7-83F7D48C2CCB}.Release|x64.ActiveCfg = Release|Any CPU
		{7974B5F7-34D7-473F-93D7-83F7D48C2CCB}.Release|x64.Build.0 = Release|Any CPU
		{7974B5F7-34D7-473F-93D7-83F7D48C2CCB}.Release|x86.ActiveCfg = Release|Any CPU
		{7974B5F7-34D7-473F-93D7-83F7D48C2CCB}.Release|x86.Build.0 = Release|Any CPU
		{9B399AD5-056C-43C7-91BE-0BF22E99FAD5}.Debug|Any CPU.ActiveCfg = Debug|Any CPU
		{9B399AD5-056C-43C7-91BE-0BF22E99FAD5}.Debug|Any CPU.Build.0 = Debug|Any CPU
		{9B399AD5-056C-43C7-91BE-0BF22E99FAD5}.Debug|x64.ActiveCfg = Debug|Any CPU
		{9B399AD5-056C-43C7-91BE-0BF22E99FAD5}.Debug|x64.Build.0 = Debug|Any CPU
		{9B399AD5-056C-43C7-91BE-0BF22E99FAD5}.Debug|x86.ActiveCfg = Debug|Any CPU
		{9B399AD5-056C-43C7-91BE-0BF22E99FAD5}.Debug|x86.Build.0 = Debug|Any CPU
		{9B399AD5-056C-43C7-91BE-0BF22E99FAD5}.Release|Any CPU.ActiveCfg = Release|Any CPU
		{9B399AD5-056C-43C7-91BE-0BF22E99FAD5}.Release|Any CPU.Build.0 = Release|Any CPU
		{9B399AD5-056C-43C7-91BE-0BF22E99FAD5}.Release|x64.ActiveCfg = Release|Any CPU
		{9B399AD5-056C-43C7-91BE-0BF22E99FAD5}.Release|x64.Build.0 = Release|Any CPU
		{9B399AD5-056C-43C7-91BE-0BF22E99FAD5}.Release|x86.ActiveCfg = Release|Any CPU
		{9B399AD5-056C-43C7-91BE-0BF22E99FAD5}.Release|x86.Build.0 = Release|Any CPU
		{A9B82A64-DDF8-47D9-8A8D-FA4A32FFB72B}.Debug|Any CPU.ActiveCfg = Debug|Any CPU
		{A9B82A64-DDF8-47D9-8A8D-FA4A32FFB72B}.Debug|Any CPU.Build.0 = Debug|Any CPU
		{A9B82A64-DDF8-47D9-8A8D-FA4A32FFB72B}.Debug|x64.ActiveCfg = Debug|Any CPU
		{A9B82A64-DDF8-47D9-8A8D-FA4A32FFB72B}.Debug|x64.Build.0 = Debug|Any CPU
		{A9B82A64-DDF8-47D9-8A8D-FA4A32FFB72B}.Debug|x86.ActiveCfg = Debug|Any CPU
		{A9B82A64-DDF8-47D9-8A8D-FA4A32FFB72B}.Debug|x86.Build.0 = Debug|Any CPU
		{A9B82A64-DDF8-47D9-8A8D-FA4A32FFB72B}.Release|Any CPU.ActiveCfg = Release|Any CPU
		{A9B82A64-DDF8-47D9-8A8D-FA4A32FFB72B}.Release|Any CPU.Build.0 = Release|Any CPU
		{A9B82A64-DDF8-47D9-8A8D-FA4A32FFB72B}.Release|x64.ActiveCfg = Release|Any CPU
		{A9B82A64-DDF8-47D9-8A8D-FA4A32FFB72B}.Release|x64.Build.0 = Release|Any CPU
		{A9B82A64-DDF8-47D9-8A8D-FA4A32FFB72B}.Release|x86.ActiveCfg = Release|Any CPU
		{A9B82A64-DDF8-47D9-8A8D-FA4A32FFB72B}.Release|x86.Build.0 = Release|Any CPU
		{45B7C9EF-06B8-4864-BAC6-8D20BFC98B22}.Debug|Any CPU.ActiveCfg = Debug|Any CPU
		{45B7C9EF-06B8-4864-BAC6-8D20BFC98B22}.Debug|Any CPU.Build.0 = Debug|Any CPU
		{45B7C9EF-06B8-4864-BAC6-8D20BFC98B22}.Debug|x64.ActiveCfg = Debug|Any CPU
		{45B7C9EF-06B8-4864-BAC6-8D20BFC98B22}.Debug|x64.Build.0 = Debug|Any CPU
		{45B7C9EF-06B8-4864-BAC6-8D20BFC98B22}.Debug|x86.ActiveCfg = Debug|Any CPU
		{45B7C9EF-06B8-4864-BAC6-8D20BFC98B22}.Debug|x86.Build.0 = Debug|Any CPU
		{45B7C9EF-06B8-4864-BAC6-8D20BFC98B22}.Release|Any CPU.ActiveCfg = Release|Any CPU
		{45B7C9EF-06B8-4864-BAC6-8D20BFC98B22}.Release|Any CPU.Build.0 = Release|Any CPU
		{45B7C9EF-06B8-4864-BAC6-8D20BFC98B22}.Release|x64.ActiveCfg = Release|Any CPU
		{45B7C9EF-06B8-4864-BAC6-8D20BFC98B22}.Release|x64.Build.0 = Release|Any CPU
		{45B7C9EF-06B8-4864-BAC6-8D20BFC98B22}.Release|x86.ActiveCfg = Release|Any CPU
		{45B7C9EF-06B8-4864-BAC6-8D20BFC98B22}.Release|x86.Build.0 = Release|Any CPU
		{2A4FB31E-C640-4D6A-B660-35A85F77BAA0}.Debug|Any CPU.ActiveCfg = Debug|Any CPU
		{2A4FB31E-C640-4D6A-B660-35A85F77BAA0}.Debug|Any CPU.Build.0 = Debug|Any CPU
		{2A4FB31E-C640-4D6A-B660-35A85F77BAA0}.Debug|x64.ActiveCfg = Debug|Any CPU
		{2A4FB31E-C640-4D6A-B660-35A85F77BAA0}.Debug|x64.Build.0 = Debug|Any CPU
		{2A4FB31E-C640-4D6A-B660-35A85F77BAA0}.Debug|x86.ActiveCfg = Debug|Any CPU
		{2A4FB31E-C640-4D6A-B660-35A85F77BAA0}.Debug|x86.Build.0 = Debug|Any CPU
		{2A4FB31E-C640-4D6A-B660-35A85F77BAA0}.Release|Any CPU.ActiveCfg = Release|Any CPU
		{2A4FB31E-C640-4D6A-B660-35A85F77BAA0}.Release|Any CPU.Build.0 = Release|Any CPU
		{2A4FB31E-C640-4D6A-B660-35A85F77BAA0}.Release|x64.ActiveCfg = Release|Any CPU
		{2A4FB31E-C640-4D6A-B660-35A85F77BAA0}.Release|x64.Build.0 = Release|Any CPU
		{2A4FB31E-C640-4D6A-B660-35A85F77BAA0}.Release|x86.ActiveCfg = Release|Any CPU
		{2A4FB31E-C640-4D6A-B660-35A85F77BAA0}.Release|x86.Build.0 = Release|Any CPU
		{DEED5486-DC44-4385-95D2-2F5EEC00DD90}.Debug|Any CPU.ActiveCfg = Debug|Any CPU
		{DEED5486-DC44-4385-95D2-2F5EEC00DD90}.Debug|Any CPU.Build.0 = Debug|Any CPU
		{DEED5486-DC44-4385-95D2-2F5EEC00DD90}.Debug|x64.ActiveCfg = Debug|Any CPU
		{DEED5486-DC44-4385-95D2-2F5EEC00DD90}.Debug|x64.Build.0 = Debug|Any CPU
		{DEED5486-DC44-4385-95D2-2F5EEC00DD90}.Debug|x86.ActiveCfg = Debug|Any CPU
		{DEED5486-DC44-4385-95D2-2F5EEC00DD90}.Debug|x86.Build.0 = Debug|Any CPU
		{DEED5486-DC44-4385-95D2-2F5EEC00DD90}.Release|Any CPU.ActiveCfg = Release|Any CPU
		{DEED5486-DC44-4385-95D2-2F5EEC00DD90}.Release|Any CPU.Build.0 = Release|Any CPU
		{DEED5486-DC44-4385-95D2-2F5EEC00DD90}.Release|x64.ActiveCfg = Release|Any CPU
		{DEED5486-DC44-4385-95D2-2F5EEC00DD90}.Release|x64.Build.0 = Release|Any CPU
		{DEED5486-DC44-4385-95D2-2F5EEC00DD90}.Release|x86.ActiveCfg = Release|Any CPU
		{DEED5486-DC44-4385-95D2-2F5EEC00DD90}.Release|x86.Build.0 = Release|Any CPU
	EndGlobalSection
	GlobalSection(SolutionProperties) = preSolution
		HideSolutionNode = FALSE
	EndGlobalSection
	GlobalSection(ExtensibilityGlobals) = postSolution
		SolutionGuid = {B3961AB9-F740-4315-AA65-3C97E03A159E}
	EndGlobalSection
EndGlobal
